
Microsoft Visual Studio Solution File, Format Version 12.00
# Visual Studio Version 17
VisualStudioVersion = 17.8.34525.116
MinimumVisualStudioVersion = 10.0.40219.1
Project("{E24C65DC-7377-472B-9ABA-BC803B73C61A}") = "2320559", "http://localhost:50686", "{93864544-47F9-47A7-B3CF-3EDF52AD0873}"
	ProjectSection(WebsiteProperties) = preProject
		UseIISExpress = "true"
		TargetFrameworkMoniker = ".NETFramework,Version%3Dv4.8"
		Debug.AspNetCompiler.VirtualPath = "/localhost_50686"
		Debug.AspNetCompiler.PhysicalPath = "..\..\..\Documents\My Web Sites\2320559\"
		Debug.AspNetCompiler.TargetPath = "PrecompiledWeb\localhost_50686\"
		Debug.AspNetCompiler.Updateable = "true"
		Debug.AspNetCompiler.ForceOverwrite = "true"
		Debug.AspNetCompiler.FixedNames = "false"
		Debug.AspNetCompiler.Debug = "True"
		Release.AspNetCompiler.VirtualPath = "/localhost_50686"
		Release.AspNetCompiler.PhysicalPath = "..\..\..\Documents\My Web Sites\2320559\"
		Release.AspNetCompiler.TargetPath = "PrecompiledWeb\localhost_50686\"
		Release.AspNetCompiler.Updateable = "true"
		Release.AspNetCompiler.ForceOverwrite = "true"
		Release.AspNetCompiler.FixedNames = "false"
		Release.AspNetCompiler.Debug = "False"
		SlnRelativePath = "..\..\..\Documents\My Web Sites\2320559\"
	EndProjectSection
EndProject
Global
	GlobalSection(SolutionConfigurationPlatforms) = preSolution
		Debug|Any CPU = Debug|Any CPU
	EndGlobalSection
	GlobalSection(ProjectConfigurationPlatforms) = postSolution
		{93864544-47F9-47A7-B3CF-3EDF52AD0873}.Debug|Any CPU.ActiveCfg = Debug|Any CPU
		{93864544-47F9-47A7-B3CF-3EDF52AD0873}.Debug|Any CPU.Build.0 = Debug|Any CPU
	EndGlobalSection
	GlobalSection(SolutionProperties) = preSolution
		HideSolutionNode = FALSE
	EndGlobalSection
	GlobalSection(ExtensibilityGlobals) = postSolution
		SolutionGuid = {4DF8303D-8DB2-44E9-A4DE-2C4473E40BE9}
	EndGlobalSection
EndGlobal
